
Microsoft Visual Studio Solution File, Format Version 12.00
# Visual Studio 15
VisualStudioVersion = 15.0.27703.2026
MinimumVisualStudioVersion = 10.0.40219.1
Project("{FAE04EC0-301F-11D3-BF4B-00C04F79EFBC}") = "DarkChess", "DarkChess\DarkChess.csproj", "{169AD05C-89BA-4656-9641-AC4E15182CD1}"
EndProject
Global
	GlobalSection(SolutionConfigurationPlatforms) = preSolution
		Debug|Any CPU = Debug|Any CPU
		Release|Any CPU = Release|Any CPU
	EndGlobalSection
	GlobalSection(ProjectConfigurationPlatforms) = postSolution
		{169AD05C-89BA-4656-9641-AC4E15182CD1}.Debug|Any CPU.ActiveCfg = Debug|Any CPU
		{169AD05C-89BA-4656-9641-AC4E15182CD1}.Debug|Any CPU.Build.0 = Debug|Any CPU
		{169AD05C-89BA-4656-9641-AC4E15182CD1}.Release|Any CPU.ActiveCfg = Release|Any CPU
		{169AD05C-89BA-4656-9641-AC4E15182CD1}.Release|Any CPU.Build.0 = Release|Any CPU
	EndGlobalSection
	GlobalSection(SolutionProperties) = preSolution
		HideSolutionNode = FALSE
	EndGlobalSection
	GlobalSection(ExtensibilityGlobals) = postSolution
		SolutionGuid = {824DF2B0-E8CE-4413-A7BA-8FB2346200E3}
	EndGlobalSection
EndGlobal
