
Microsoft Visual Studio Solution File, Format Version 12.00
# Visual Studio 15
VisualStudioVersion = 15.0.27703.2026
MinimumVisualStudioVersion = 10.0.40219.1
Project("{FAE04EC0-301F-11D3-BF4B-00C04F79EFBC}") = "SlugChessClient", "SlugChessClient\SlugChessClient.csproj", "{169AD05C-89BA-4656-9641-AC4E15182CD1}"
EndProject
Global
	GlobalSection(SolutionConfigurationPlatforms) = preSolution
		Debug|x64 = Debug|x64
		Release|x64 = Release|x64
	EndGlobalSection
	GlobalSection(ProjectConfigurationPlatforms) = postSolution
		{169AD05C-89BA-4656-9641-AC4E15182CD1}.Debug|x64.ActiveCfg = Debug|x64
		{169AD05C-89BA-4656-9641-AC4E15182CD1}.Debug|x64.Build.0 = Debug|x64
		{169AD05C-89BA-4656-9641-AC4E15182CD1}.Release|x64.ActiveCfg = Debug|x64
		{169AD05C-89BA-4656-9641-AC4E15182CD1}.Release|x64.Build.0 = Debug|x64
	EndGlobalSection
	GlobalSection(SolutionProperties) = preSolution
		HideSolutionNode = FALSE
	EndGlobalSection
	GlobalSection(ExtensibilityGlobals) = postSolution
		SolutionGuid = {824DF2B0-E8CE-4413-A7BA-8FB2346200E3}
	EndGlobalSection
EndGlobal
