
Microsoft Visual Studio Solution File, Format Version 12.00
# Visual Studio Version 16
VisualStudioVersion = 16.0.29911.84
MinimumVisualStudioVersion = 10.0.40219.1
Project("{FAE04EC0-301F-11D3-BF4B-00C04F79EFBC}") = "SlugChessClient", "SlugChessClient\SlugChessClient.csproj", "{169AD05C-89BA-4656-9641-AC4E15182CD1}"
EndProject
Project("{9A19103F-16F7-4668-BE54-9A1E7A4F7556}") = "SlugChessAval", "SlugChessAval\SlugChessAval.csproj", "{7AEEEBA7-D256-4494-BAB8-91BB28B3DEE4}"
	ProjectSection(ProjectDependencies) = postProject
		{0F4BBC4E-3708-49B5-B592-0EED244E850E} = {0F4BBC4E-3708-49B5-B592-0EED244E850E}
	EndProjectSection
EndProject
Project("{9A19103F-16F7-4668-BE54-9A1E7A4F7556}") = "ChesscomCSharpLib", "ChesscomCSharpLib\ChesscomCSharpLib.csproj", "{0F4BBC4E-3708-49B5-B592-0EED244E850E}"
EndProject
Global
	GlobalSection(SolutionConfigurationPlatforms) = preSolution
		Debug|Any CPU = Debug|Any CPU
		Debug|x64 = Debug|x64
		Release|Any CPU = Release|Any CPU
		Release|x64 = Release|x64
	EndGlobalSection
	GlobalSection(ProjectConfigurationPlatforms) = postSolution
		{169AD05C-89BA-4656-9641-AC4E15182CD1}.Debug|Any CPU.ActiveCfg = Debug|x64
		{169AD05C-89BA-4656-9641-AC4E15182CD1}.Debug|x64.ActiveCfg = Debug|x64
		{169AD05C-89BA-4656-9641-AC4E15182CD1}.Debug|x64.Build.0 = Debug|x64
		{169AD05C-89BA-4656-9641-AC4E15182CD1}.Release|Any CPU.ActiveCfg = Release|x64
		{169AD05C-89BA-4656-9641-AC4E15182CD1}.Release|x64.ActiveCfg = Release|x64
		{169AD05C-89BA-4656-9641-AC4E15182CD1}.Release|x64.Build.0 = Release|x64
		{7AEEEBA7-D256-4494-BAB8-91BB28B3DEE4}.Debug|Any CPU.ActiveCfg = Debug|Any CPU
		{7AEEEBA7-D256-4494-BAB8-91BB28B3DEE4}.Debug|Any CPU.Build.0 = Debug|Any CPU
		{7AEEEBA7-D256-4494-BAB8-91BB28B3DEE4}.Debug|x64.ActiveCfg = Debug|Any CPU
		{7AEEEBA7-D256-4494-BAB8-91BB28B3DEE4}.Debug|x64.Build.0 = Debug|Any CPU
		{7AEEEBA7-D256-4494-BAB8-91BB28B3DEE4}.Release|Any CPU.ActiveCfg = Release|Any CPU
		{7AEEEBA7-D256-4494-BAB8-91BB28B3DEE4}.Release|Any CPU.Build.0 = Release|Any CPU
		{7AEEEBA7-D256-4494-BAB8-91BB28B3DEE4}.Release|x64.ActiveCfg = Release|Any CPU
		{7AEEEBA7-D256-4494-BAB8-91BB28B3DEE4}.Release|x64.Build.0 = Release|Any CPU
		{0F4BBC4E-3708-49B5-B592-0EED244E850E}.Debug|Any CPU.ActiveCfg = Debug|Any CPU
		{0F4BBC4E-3708-49B5-B592-0EED244E850E}.Debug|Any CPU.Build.0 = Debug|Any CPU
		{0F4BBC4E-3708-49B5-B592-0EED244E850E}.Debug|x64.ActiveCfg = Debug|Any CPU
		{0F4BBC4E-3708-49B5-B592-0EED244E850E}.Debug|x64.Build.0 = Debug|Any CPU
		{0F4BBC4E-3708-49B5-B592-0EED244E850E}.Release|Any CPU.ActiveCfg = Release|Any CPU
		{0F4BBC4E-3708-49B5-B592-0EED244E850E}.Release|Any CPU.Build.0 = Release|Any CPU
		{0F4BBC4E-3708-49B5-B592-0EED244E850E}.Release|x64.ActiveCfg = Release|Any CPU
		{0F4BBC4E-3708-49B5-B592-0EED244E850E}.Release|x64.Build.0 = Release|Any CPU
	EndGlobalSection
	GlobalSection(SolutionProperties) = preSolution
		HideSolutionNode = FALSE
	EndGlobalSection
	GlobalSection(ExtensibilityGlobals) = postSolution
		SolutionGuid = {824DF2B0-E8CE-4413-A7BA-8FB2346200E3}
	EndGlobalSection
EndGlobal
